{
  "version": 4,
  "terraform_version": "1.7.3",
  "serial": 10,
  "lineage": "b48df6c2-f0b5-057e-dade-5dd28c8becbc",
  "outputs": {},
  "resources": [
    {
      "mode": "managed",
      "type": "local_file",
      "name": "pet",
      "provider": "provider[\"registry.terraform.io/hashicorp/local\"]",
      "instances": [
        {
          "schema_version": 0,
          "attributes": {
            "content": "We love pets",
            "content_base64": null,
            "content_base64sha256": "JkTM/qXB6brMHSR7BGESvMDLcD/d8PAh6BtPVZ4r3+c=",
            "content_base64sha512": "KzfxM+vQ35KOsI/97bCs7fYgFnuEWJ3qYwWY6+NMIt6SIHDC4VijJNM0XJeSsBRDFdDPxZvurKEvB5SrSpViFQ==",
            "content_md5": "1a6fb34e80768485628791bd662fea65",
            "content_sha1": "978236bb65828b96bae1df000a4f9d6e6c5ca5a8",
            "content_sha256": "2644ccfea5c1e9bacc1d247b046112bcc0cb703fddf0f021e81b4f559e2bdfe7",
            "content_sha512": "2b37f133ebd0df928eb08ffdedb0acedf620167b84589dea630598ebe34c22de922070c2e158a324d3345c9792b0144315d0cfc59beeaca12f0794ab4a956215",
            "directory_permission": "0777",
            "file_permission": "0700",
            "filename": "/home/cloudadmin/pets.txt",
            "id": "978236bb65828b96bae1df000a4f9d6e6c5ca5a8",
            "sensitive_content": null,
            "source": null
          },
          "sensitive_attributes": []
        }
      ]
    },
    {
      "mode": "managed",
      "type": "local_sensitive_file",
      "name": "games",
      "provider": "provider[\"registry.terraform.io/hashicorp/local\"]",
      "instances": [
        {
          "schema_version": 0,
          "attributes": {
            "content": "FIFA 21",
            "content_base64": null,
            "content_base64sha256": "0QatlfVl9H412mXNB5/Y9evwrDIxEW4ooJpmph2eoUY=",
            "content_base64sha512": "F0zLI9RS+tFB53xwISp1R3wvRQ/Sw4hsxwysWamsAk/cNyHr/X/pmmykTTCuvkRvr+3y+5c7Sc/J/ObRRX1mIg==",
            "content_md5": "44a271e06ddd134cdbeab299288422f3",
            "content_sha1": "f68b901eb16aff12e9458bdb656a7df8d3425d4c",
            "content_sha256": "d106ad95f565f47e35da65cd079fd8f5ebf0ac3231116e28a09a66a61d9ea146",
            "content_sha512": "174ccb23d452fad141e77c70212a75477c2f450fd2c3886cc70cac59a9ac024fdc3721ebfd7fe99a6ca44d30aebe446fafedf2fb973b49cfc9fce6d1457d6622",
            "directory_permission": "0700",
            "file_permission": "0700",
            "filename": "/home/cloudadmin/favorite-games",
            "id": "f68b901eb16aff12e9458bdb656a7df8d3425d4c",
            "source": null
          },
          "sensitive_attributes": []
        }
      ]
    },
    {
      "mode": "managed",
      "type": "random_pet",
      "name": "my-pet",
      "provider": "provider[\"registry.terraform.io/hashicorp/random\"]",
      "instances": [
        {
          "schema_version": 0,
          "attributes": {
            "id": "Mrs.grand.oyster",
            "keepers": null,
            "length": 2,
            "prefix": "Mrs",
            "separator": "."
          },
          "sensitive_attributes": []
        }
      ]
    }
  ],
  "check_results": null
}
